{
  "name": "assets",
  "lockfileVersion": 2,
  "requires": true,
  "packages": {
    "": {
      "dependencies": {
        "uplot": "^1.6.20"
      }
    },
    "node_modules/uplot": {
      "version": "1.6.20",
      "resolved": "https://registry.npmjs.org/uplot/-/uplot-1.6.20.tgz",
      "integrity": "sha512-Jl4Z51Sns4xKLLQeBeiGdcgv4eW1UkKwukSTndIP3YcnlU4za9qGhejlX+XzRbvjaB32C0pxRsdq8m8Gwbq1Eg=="
    }
  },
  "dependencies": {
    "uplot": {
      "version": "1.6.20",
      "resolved": "https://registry.npmjs.org/uplot/-/uplot-1.6.20.tgz",
      "integrity": "sha512-Jl4Z51Sns4xKLLQeBeiGdcgv4eW1UkKwukSTndIP3YcnlU4za9qGhejlX+XzRbvjaB32C0pxRsdq8m8Gwbq1Eg=="
    }
  }
}
